
Microsoft Visual Studio Solution File, Format Version 12.00
# Visual Studio 15
VisualStudioVersion = 15.0.27428.2015
MinimumVisualStudioVersion = 10.0.40219.1
Project("{9A19103F-16F7-4668-BE54-9A1E7A4F7556}") = "WebApiTest", "WebApiTest\WebApiTest.csproj", "{B24DB7EC-9A57-42E9-9003-D4541B13CB9A}"
EndProject
Project("{9A19103F-16F7-4668-BE54-9A1E7A4F7556}") = "WebApi", "WebApi\WebApi\WebApi.csproj", "{5CE344DF-54AF-4A44-839B-D29B95C151BC}"
EndProject
Project("{FAE04EC0-301F-11D3-BF4B-00C04F79EFBC}") = "Domain", "Domain\Domain\Domain.csproj", "{341B7EA7-4F25-44A1-BB9D-6CF8574E0F6E}"
EndProject
Global
	GlobalSection(SolutionConfigurationPlatforms) = preSolution
		Debug|Any CPU = Debug|Any CPU
		Release|Any CPU = Release|Any CPU
	EndGlobalSection
	GlobalSection(ProjectConfigurationPlatforms) = postSolution
		{B24DB7EC-9A57-42E9-9003-D4541B13CB9A}.Debug|Any CPU.ActiveCfg = Debug|Any CPU
		{B24DB7EC-9A57-42E9-9003-D4541B13CB9A}.Debug|Any CPU.Build.0 = Debug|Any CPU
		{B24DB7EC-9A57-42E9-9003-D4541B13CB9A}.Release|Any CPU.ActiveCfg = Release|Any CPU
		{B24DB7EC-9A57-42E9-9003-D4541B13CB9A}.Release|Any CPU.Build.0 = Release|Any CPU
		{5CE344DF-54AF-4A44-839B-D29B95C151BC}.Debug|Any CPU.ActiveCfg = Debug|Any CPU
		{5CE344DF-54AF-4A44-839B-D29B95C151BC}.Debug|Any CPU.Build.0 = Debug|Any CPU
		{5CE344DF-54AF-4A44-839B-D29B95C151BC}.Release|Any CPU.ActiveCfg = Release|Any CPU
		{5CE344DF-54AF-4A44-839B-D29B95C151BC}.Release|Any CPU.Build.0 = Release|Any CPU
		{341B7EA7-4F25-44A1-BB9D-6CF8574E0F6E}.Debug|Any CPU.ActiveCfg = Debug|Any CPU
		{341B7EA7-4F25-44A1-BB9D-6CF8574E0F6E}.Debug|Any CPU.Build.0 = Debug|Any CPU
		{341B7EA7-4F25-44A1-BB9D-6CF8574E0F6E}.Release|Any CPU.ActiveCfg = Release|Any CPU
		{341B7EA7-4F25-44A1-BB9D-6CF8574E0F6E}.Release|Any CPU.Build.0 = Release|Any CPU
	EndGlobalSection
	GlobalSection(SolutionProperties) = preSolution
		HideSolutionNode = FALSE
	EndGlobalSection
	GlobalSection(ExtensibilityGlobals) = postSolution
		SolutionGuid = {B1943BB2-6E0F-4F50-84D7-0C91EE2B8E1C}
	EndGlobalSection
EndGlobal
