
Microsoft Visual Studio Solution File, Format Version 12.00
# Visual Studio 15
VisualStudioVersion = 15.0.27428.2015
MinimumVisualStudioVersion = 10.0.40219.1
Project("{9A19103F-16F7-4668-BE54-9A1E7A4F7556}") = "WebApiTest", "WebApiTest\WebApiTest.csproj", "{B24DB7EC-9A57-42E9-9003-D4541B13CB9A}"
EndProject
Project("{9A19103F-16F7-4668-BE54-9A1E7A4F7556}") = "WebApi", "WebApi\WebApi\WebApi.csproj", "{5CE344DF-54AF-4A44-839B-D29B95C151BC}"
EndProject
Project("{FAE04EC0-301F-11D3-BF4B-00C04F79EFBC}") = "Domain", "Domain\Domain\Domain.csproj", "{341B7EA7-4F25-44A1-BB9D-6CF8574E0F6E}"
EndProject
Project("{2150E333-8FDC-42A3-9474-1A3956D46DE8}") = "Apresentação", "Apresentação", "{39C59E93-0F96-4BEF-AB32-1B0DF28D1471}"
EndProject
Project("{2150E333-8FDC-42A3-9474-1A3956D46DE8}") = "Serviços", "Serviços", "{E1A616EA-EDA2-4A41-8768-2B718E281A7B}"
EndProject
Project("{2150E333-8FDC-42A3-9474-1A3956D46DE8}") = "Domínio", "Domínio", "{02FCA89D-DD7F-4E67-8D43-8C1DC086B1F8}"
EndProject
Project("{2150E333-8FDC-42A3-9474-1A3956D46DE8}") = "Serviços Aplicação", "Serviços Aplicação", "{B08245D5-3AE1-43C4-BB76-41262EDFE64C}"
EndProject
Project("{2150E333-8FDC-42A3-9474-1A3956D46DE8}") = "Testes", "Testes", "{AD7C547E-D7AF-4479-AA78-EE23E7DA2829}"
EndProject
Project("{FAE04EC0-301F-11D3-BF4B-00C04F79EFBC}") = "ViewModel", "ViewModel\ViewModel\ViewModel.csproj", "{645551C9-E3DA-40DF-9E88-2708304AFAB3}"
EndProject
Project("{FAE04EC0-301F-11D3-BF4B-00C04F79EFBC}") = "Service", "Service\Service\Service.csproj", "{16471AE0-9DBA-4663-93D1-4DF9D8E3DEA0}"
EndProject
Global
	GlobalSection(SolutionConfigurationPlatforms) = preSolution
		Debug|Any CPU = Debug|Any CPU
		Release|Any CPU = Release|Any CPU
	EndGlobalSection
	GlobalSection(ProjectConfigurationPlatforms) = postSolution
		{B24DB7EC-9A57-42E9-9003-D4541B13CB9A}.Debug|Any CPU.ActiveCfg = Debug|Any CPU
		{B24DB7EC-9A57-42E9-9003-D4541B13CB9A}.Debug|Any CPU.Build.0 = Debug|Any CPU
		{B24DB7EC-9A57-42E9-9003-D4541B13CB9A}.Release|Any CPU.ActiveCfg = Release|Any CPU
		{B24DB7EC-9A57-42E9-9003-D4541B13CB9A}.Release|Any CPU.Build.0 = Release|Any CPU
		{5CE344DF-54AF-4A44-839B-D29B95C151BC}.Debug|Any CPU.ActiveCfg = Debug|Any CPU
		{5CE344DF-54AF-4A44-839B-D29B95C151BC}.Debug|Any CPU.Build.0 = Debug|Any CPU
		{5CE344DF-54AF-4A44-839B-D29B95C151BC}.Release|Any CPU.ActiveCfg = Release|Any CPU
		{5CE344DF-54AF-4A44-839B-D29B95C151BC}.Release|Any CPU.Build.0 = Release|Any CPU
		{341B7EA7-4F25-44A1-BB9D-6CF8574E0F6E}.Debug|Any CPU.ActiveCfg = Debug|Any CPU
		{341B7EA7-4F25-44A1-BB9D-6CF8574E0F6E}.Debug|Any CPU.Build.0 = Debug|Any CPU
		{341B7EA7-4F25-44A1-BB9D-6CF8574E0F6E}.Release|Any CPU.ActiveCfg = Release|Any CPU
		{341B7EA7-4F25-44A1-BB9D-6CF8574E0F6E}.Release|Any CPU.Build.0 = Release|Any CPU
		{645551C9-E3DA-40DF-9E88-2708304AFAB3}.Debug|Any CPU.ActiveCfg = Debug|Any CPU
		{645551C9-E3DA-40DF-9E88-2708304AFAB3}.Debug|Any CPU.Build.0 = Debug|Any CPU
		{645551C9-E3DA-40DF-9E88-2708304AFAB3}.Release|Any CPU.ActiveCfg = Release|Any CPU
		{645551C9-E3DA-40DF-9E88-2708304AFAB3}.Release|Any CPU.Build.0 = Release|Any CPU
		{16471AE0-9DBA-4663-93D1-4DF9D8E3DEA0}.Debug|Any CPU.ActiveCfg = Debug|Any CPU
		{16471AE0-9DBA-4663-93D1-4DF9D8E3DEA0}.Debug|Any CPU.Build.0 = Debug|Any CPU
		{16471AE0-9DBA-4663-93D1-4DF9D8E3DEA0}.Release|Any CPU.ActiveCfg = Release|Any CPU
		{16471AE0-9DBA-4663-93D1-4DF9D8E3DEA0}.Release|Any CPU.Build.0 = Release|Any CPU
	EndGlobalSection
	GlobalSection(SolutionProperties) = preSolution
		HideSolutionNode = FALSE
	EndGlobalSection
	GlobalSection(NestedProjects) = preSolution
		{B24DB7EC-9A57-42E9-9003-D4541B13CB9A} = {AD7C547E-D7AF-4479-AA78-EE23E7DA2829}
		{5CE344DF-54AF-4A44-839B-D29B95C151BC} = {39C59E93-0F96-4BEF-AB32-1B0DF28D1471}
		{341B7EA7-4F25-44A1-BB9D-6CF8574E0F6E} = {02FCA89D-DD7F-4E67-8D43-8C1DC086B1F8}
		{645551C9-E3DA-40DF-9E88-2708304AFAB3} = {B08245D5-3AE1-43C4-BB76-41262EDFE64C}
		{16471AE0-9DBA-4663-93D1-4DF9D8E3DEA0} = {E1A616EA-EDA2-4A41-8768-2B718E281A7B}
	EndGlobalSection
	GlobalSection(ExtensibilityGlobals) = postSolution
		SolutionGuid = {B1943BB2-6E0F-4F50-84D7-0C91EE2B8E1C}
	EndGlobalSection
EndGlobal
